
Microsoft Visual Studio Solution File, Format Version 12.00
# Visual Studio Version 17
VisualStudioVersion = 17.1.32328.378
MinimumVisualStudioVersion = 10.0.40219.1
Project("{9A19103F-16F7-4668-BE54-9A1E7A4F7556}") = "NFT_Creater", "NFT_Creater.csproj", "{4450CD87-D80E-430E-944D-5B5EDD829266}"
EndProject
Global
	GlobalSection(SolutionConfigurationPlatforms) = preSolution
		Debug|Any CPU = Debug|Any CPU
		Release|Any CPU = Release|Any CPU
	EndGlobalSection
	GlobalSection(ProjectConfigurationPlatforms) = postSolution
		{4450CD87-D80E-430E-944D-5B5EDD829266}.Debug|Any CPU.ActiveCfg = Debug|Any CPU
		{4450CD87-D80E-430E-944D-5B5EDD829266}.Debug|Any CPU.Build.0 = Debug|Any CPU
		{4450CD87-D80E-430E-944D-5B5EDD829266}.Release|Any CPU.ActiveCfg = Release|Any CPU
		{4450CD87-D80E-430E-944D-5B5EDD829266}.Release|Any CPU.Build.0 = Release|Any CPU
	EndGlobalSection
	GlobalSection(SolutionProperties) = preSolution
		HideSolutionNode = FALSE
	EndGlobalSection
	GlobalSection(ExtensibilityGlobals) = postSolution
		SolutionGuid = {9EE6A399-A4C9-4AF6-AAB1-0C709EFF1352}
	EndGlobalSection
EndGlobal
